
Microsoft Visual Studio Solution File, Format Version 12.00
# Visual Studio Version 17
VisualStudioVersion = 17.5.33502.453
MinimumVisualStudioVersion = 10.0.40219.1
Project("{9A19103F-16F7-4668-BE54-9A1E7A4F7556}") = "task-tracking", "task-tracking.csproj", "{DFF1A83E-DFAD-4807-970E-6B27FFD5CC7A}"
EndProject
Project("{2150E333-8FDC-42A3-9474-1A3956D46DE8}") = "Элементы решения", "Элементы решения", "{0E736B63-5C56-4A95-B01C-0D2CCB6A401D}"
EndProject
Global
	GlobalSection(SolutionConfigurationPlatforms) = preSolution
		Debug|Any CPU = Debug|Any CPU
		Release|Any CPU = Release|Any CPU
	EndGlobalSection
	GlobalSection(ProjectConfigurationPlatforms) = postSolution
		{DFF1A83E-DFAD-4807-970E-6B27FFD5CC7A}.Debug|Any CPU.ActiveCfg = Debug|Any CPU
		{DFF1A83E-DFAD-4807-970E-6B27FFD5CC7A}.Debug|Any CPU.Build.0 = Debug|Any CPU
		{DFF1A83E-DFAD-4807-970E-6B27FFD5CC7A}.Release|Any CPU.ActiveCfg = Release|Any CPU
		{DFF1A83E-DFAD-4807-970E-6B27FFD5CC7A}.Release|Any CPU.Build.0 = Release|Any CPU
	EndGlobalSection
	GlobalSection(SolutionProperties) = preSolution
		HideSolutionNode = FALSE
	EndGlobalSection
	GlobalSection(ExtensibilityGlobals) = postSolution
		SolutionGuid = {7B9BC1AA-BFF0-40AA-8C04-00B60991D623}
	EndGlobalSection
EndGlobal
